
Microsoft Visual Studio Solution File, Format Version 12.00
# Visual Studio Version 17
VisualStudioVersion = 17.0.31912.275
MinimumVisualStudioVersion = 10.0.40219.1
Project("{9A19103F-16F7-4668-BE54-9A1E7A4F7556}") = "F0.Talks.SourceGenerators.Demo", "F0.Talks.SourceGenerators.Demo\F0.Talks.SourceGenerators.Demo.csproj", "{88A0111D-2FE2-4554-A1FC-054B255FAC83}"
EndProject
Project("{9A19103F-16F7-4668-BE54-9A1E7A4F7556}") = "F0.Talks.SourceGenerators.Demo.Benchmarks", "F0.Talks.SourceGenerators.Demo.Benchmarks\F0.Talks.SourceGenerators.Demo.Benchmarks.csproj", "{824B3E15-C835-484B-8A25-F86DEC98056F}"
EndProject
Project("{9A19103F-16F7-4668-BE54-9A1E7A4F7556}") = "F0.Talks.SourceGenerators.Demo.Roslyn3_8", "F0.Talks.SourceGenerators.Demo.Roslyn3_8\F0.Talks.SourceGenerators.Demo.Roslyn3_8.csproj", "{BE7DF25A-506C-403D-BD41-EE48B0A6C81E}"
EndProject
Project("{9A19103F-16F7-4668-BE54-9A1E7A4F7556}") = "F0.Talks.SourceGenerators.Demo.Roslyn3_9", "F0.Talks.SourceGenerators.Demo.Roslyn3_9\F0.Talks.SourceGenerators.Demo.Roslyn3_9.csproj", "{3034104C-974D-4AF8-A74D-6C156CA3DAA9}"
EndProject
Project("{9A19103F-16F7-4668-BE54-9A1E7A4F7556}") = "F0.Talks.SourceGenerators.Demo.Roslyn4_0", "F0.Talks.SourceGenerators.Demo.Roslyn4_0\F0.Talks.SourceGenerators.Demo.Roslyn4_0.csproj", "{90E52C13-F5A7-4450-8CF3-2BA0FD7F7DAA}"
EndProject
Project("{9A19103F-16F7-4668-BE54-9A1E7A4F7556}") = "F0.Talks.SourceGenerators.Demo.Roslyn4_2", "F0.Talks.SourceGenerators.Demo.Roslyn4_2\F0.Talks.SourceGenerators.Demo.Roslyn4_2.csproj", "{7A82D817-F34D-49B6-BDFE-0441E0E94380}"
EndProject
Project("{9A19103F-16F7-4668-BE54-9A1E7A4F7556}") = "F0.Talks.SourceGenerators.Demo.Roslyn4_3", "F0.Talks.SourceGenerators.Demo.Roslyn4_3\F0.Talks.SourceGenerators.Demo.Roslyn4_3.csproj", "{99559F9B-727C-4CC3-8481-EF98C779FB61}"
EndProject
Project("{FAE04EC0-301F-11D3-BF4B-00C04F79EFBC}") = "F0.Talks.SourceGenerators.Demo.Roslyn4_10", "F0.Talks.SourceGenerators.Demo.Roslyn4_10\F0.Talks.SourceGenerators.Demo.Roslyn4_10.csproj", "{3FF8F733-48FC-4912-AD31-F67ECD5657C5}"
EndProject
Project("{FAE04EC0-301F-11D3-BF4B-00C04F79EFBC}") = "F0.Talks.SourceGenerators.Demo.Roslyn4_11", "F0.Talks.SourceGenerators.Demo.Roslyn4_11\F0.Talks.SourceGenerators.Demo.Roslyn4_11.csproj", "{AF998649-8B06-4895-8A29-7237C8F0F32E}"
EndProject
Project("{FAE04EC0-301F-11D3-BF4B-00C04F79EFBC}") = "F0.Talks.SourceGenerators.Demo.Tests", "F0.Talks.SourceGenerators.Demo.Tests\F0.Talks.SourceGenerators.Demo.Tests.csproj", "{305765C2-4DB2-CD36-8D39-0318857DA3D2}"
EndProject
Project("{FAE04EC0-301F-11D3-BF4B-00C04F79EFBC}") = "F0.Talks.SourceGenerators.Demo.WebApi", "F0.Talks.SourceGenerators.Demo.WebApi\F0.Talks.SourceGenerators.Demo.WebApi.csproj", "{E94A813A-3823-A10A-80A5-42B7D542CE28}"
EndProject
Project("{FAE04EC0-301F-11D3-BF4B-00C04F79EFBC}") = "F0.Talks.SourceGenerators.Demo.WpfApp", "F0.Talks.SourceGenerators.Demo.WpfApp\F0.Talks.SourceGenerators.Demo.WpfApp.csproj", "{6529CE1D-247C-F3D9-4FCC-B74059E6B33B}"
EndProject
Project("{FAE04EC0-301F-11D3-BF4B-00C04F79EFBC}") = "F0.Talks.SourceGenerators.Presentation", "F0.Talks.SourceGenerators.Presentation\F0.Talks.SourceGenerators.Presentation.csproj", "{9BBD6343-18AE-8A7A-DFF7-1B0BA88631E3}"
EndProject
Global
	GlobalSection(SolutionConfigurationPlatforms) = preSolution
		Debug|Any CPU = Debug|Any CPU
		Release|Any CPU = Release|Any CPU
	EndGlobalSection
	GlobalSection(ProjectConfigurationPlatforms) = postSolution
		{88A0111D-2FE2-4554-A1FC-054B255FAC83}.Debug|Any CPU.ActiveCfg = Debug|Any CPU
		{88A0111D-2FE2-4554-A1FC-054B255FAC83}.Debug|Any CPU.Build.0 = Debug|Any CPU
		{88A0111D-2FE2-4554-A1FC-054B255FAC83}.Release|Any CPU.ActiveCfg = Release|Any CPU
		{88A0111D-2FE2-4554-A1FC-054B255FAC83}.Release|Any CPU.Build.0 = Release|Any CPU
		{824B3E15-C835-484B-8A25-F86DEC98056F}.Debug|Any CPU.ActiveCfg = Debug|Any CPU
		{824B3E15-C835-484B-8A25-F86DEC98056F}.Debug|Any CPU.Build.0 = Debug|Any CPU
		{824B3E15-C835-484B-8A25-F86DEC98056F}.Release|Any CPU.ActiveCfg = Release|Any CPU
		{824B3E15-C835-484B-8A25-F86DEC98056F}.Release|Any CPU.Build.0 = Release|Any CPU
		{BE7DF25A-506C-403D-BD41-EE48B0A6C81E}.Debug|Any CPU.ActiveCfg = Debug|Any CPU
		{BE7DF25A-506C-403D-BD41-EE48B0A6C81E}.Debug|Any CPU.Build.0 = Debug|Any CPU
		{BE7DF25A-506C-403D-BD41-EE48B0A6C81E}.Release|Any CPU.ActiveCfg = Release|Any CPU
		{BE7DF25A-506C-403D-BD41-EE48B0A6C81E}.Release|Any CPU.Build.0 = Release|Any CPU
		{3034104C-974D-4AF8-A74D-6C156CA3DAA9}.Debug|Any CPU.ActiveCfg = Debug|Any CPU
		{3034104C-974D-4AF8-A74D-6C156CA3DAA9}.Debug|Any CPU.Build.0 = Debug|Any CPU
		{3034104C-974D-4AF8-A74D-6C156CA3DAA9}.Release|Any CPU.ActiveCfg = Release|Any CPU
		{3034104C-974D-4AF8-A74D-6C156CA3DAA9}.Release|Any CPU.Build.0 = Release|Any CPU
		{90E52C13-F5A7-4450-8CF3-2BA0FD7F7DAA}.Debug|Any CPU.ActiveCfg = Debug|Any CPU
		{90E52C13-F5A7-4450-8CF3-2BA0FD7F7DAA}.Debug|Any CPU.Build.0 = Debug|Any CPU
		{90E52C13-F5A7-4450-8CF3-2BA0FD7F7DAA}.Release|Any CPU.ActiveCfg = Release|Any CPU
		{90E52C13-F5A7-4450-8CF3-2BA0FD7F7DAA}.Release|Any CPU.Build.0 = Release|Any CPU
		{7A82D817-F34D-49B6-BDFE-0441E0E94380}.Debug|Any CPU.ActiveCfg = Debug|Any CPU
		{7A82D817-F34D-49B6-BDFE-0441E0E94380}.Debug|Any CPU.Build.0 = Debug|Any CPU
		{7A82D817-F34D-49B6-BDFE-0441E0E94380}.Release|Any CPU.ActiveCfg = Release|Any CPU
		{7A82D817-F34D-49B6-BDFE-0441E0E94380}.Release|Any CPU.Build.0 = Release|Any CPU
		{99559F9B-727C-4CC3-8481-EF98C779FB61}.Debug|Any CPU.ActiveCfg = Debug|Any CPU
		{99559F9B-727C-4CC3-8481-EF98C779FB61}.Debug|Any CPU.Build.0 = Debug|Any CPU
		{99559F9B-727C-4CC3-8481-EF98C779FB61}.Release|Any CPU.ActiveCfg = Release|Any CPU
		{99559F9B-727C-4CC3-8481-EF98C779FB61}.Release|Any CPU.Build.0 = Release|Any CPU
		{3FF8F733-48FC-4912-AD31-F67ECD5657C5}.Debug|Any CPU.ActiveCfg = Debug|Any CPU
		{3FF8F733-48FC-4912-AD31-F67ECD5657C5}.Debug|Any CPU.Build.0 = Debug|Any CPU
		{3FF8F733-48FC-4912-AD31-F67ECD5657C5}.Release|Any CPU.ActiveCfg = Release|Any CPU
		{3FF8F733-48FC-4912-AD31-F67ECD5657C5}.Release|Any CPU.Build.0 = Release|Any CPU
		{AF998649-8B06-4895-8A29-7237C8F0F32E}.Debug|Any CPU.ActiveCfg = Debug|Any CPU
		{AF998649-8B06-4895-8A29-7237C8F0F32E}.Debug|Any CPU.Build.0 = Debug|Any CPU
		{AF998649-8B06-4895-8A29-7237C8F0F32E}.Release|Any CPU.ActiveCfg = Release|Any CPU
		{AF998649-8B06-4895-8A29-7237C8F0F32E}.Release|Any CPU.Build.0 = Release|Any CPU
		{305765C2-4DB2-CD36-8D39-0318857DA3D2}.Debug|Any CPU.ActiveCfg = Debug|Any CPU
		{305765C2-4DB2-CD36-8D39-0318857DA3D2}.Debug|Any CPU.Build.0 = Debug|Any CPU
		{305765C2-4DB2-CD36-8D39-0318857DA3D2}.Release|Any CPU.ActiveCfg = Release|Any CPU
		{305765C2-4DB2-CD36-8D39-0318857DA3D2}.Release|Any CPU.Build.0 = Release|Any CPU
		{E94A813A-3823-A10A-80A5-42B7D542CE28}.Debug|Any CPU.ActiveCfg = Debug|Any CPU
		{E94A813A-3823-A10A-80A5-42B7D542CE28}.Debug|Any CPU.Build.0 = Debug|Any CPU
		{E94A813A-3823-A10A-80A5-42B7D542CE28}.Release|Any CPU.ActiveCfg = Release|Any CPU
		{E94A813A-3823-A10A-80A5-42B7D542CE28}.Release|Any CPU.Build.0 = Release|Any CPU
		{6529CE1D-247C-F3D9-4FCC-B74059E6B33B}.Debug|Any CPU.ActiveCfg = Debug|Any CPU
		{6529CE1D-247C-F3D9-4FCC-B74059E6B33B}.Debug|Any CPU.Build.0 = Debug|Any CPU
		{6529CE1D-247C-F3D9-4FCC-B74059E6B33B}.Release|Any CPU.ActiveCfg = Release|Any CPU
		{6529CE1D-247C-F3D9-4FCC-B74059E6B33B}.Release|Any CPU.Build.0 = Release|Any CPU
		{9BBD6343-18AE-8A7A-DFF7-1B0BA88631E3}.Debug|Any CPU.ActiveCfg = Debug|Any CPU
		{9BBD6343-18AE-8A7A-DFF7-1B0BA88631E3}.Debug|Any CPU.Build.0 = Debug|Any CPU
		{9BBD6343-18AE-8A7A-DFF7-1B0BA88631E3}.Release|Any CPU.ActiveCfg = Release|Any CPU
		{9BBD6343-18AE-8A7A-DFF7-1B0BA88631E3}.Release|Any CPU.Build.0 = Release|Any CPU
	EndGlobalSection
	GlobalSection(SolutionProperties) = preSolution
		HideSolutionNode = FALSE
	EndGlobalSection
	GlobalSection(ExtensibilityGlobals) = postSolution
		SolutionGuid = {F8DF037F-D442-4E8D-B580-B3EE89748584}
	EndGlobalSection
EndGlobal
