
Microsoft Visual Studio Solution File, Format Version 12.00
# Visual Studio Version 17
VisualStudioVersion = 17.0.31912.275
MinimumVisualStudioVersion = 10.0.40219.1
Project("{9A19103F-16F7-4668-BE54-9A1E7A4F7556}") = "F0.Talks.SourceGenerators.Presentation", "F0.Talks.SourceGenerators.Presentation\F0.Talks.SourceGenerators.Presentation.csproj", "{0F1152FF-6229-4D40-9AB3-5C42AC581215}"
EndProject
Project("{9A19103F-16F7-4668-BE54-9A1E7A4F7556}") = "F0.Talks.SourceGenerators.Demo", "F0.Talks.SourceGenerators.Demo\F0.Talks.SourceGenerators.Demo.csproj", "{87C3F442-AD8C-4EF5-AE53-01B4ADDC6EE3}"
EndProject
Project("{9A19103F-16F7-4668-BE54-9A1E7A4F7556}") = "F0.Talks.SourceGenerators.Demo.Roslyn3_8", "F0.Talks.SourceGenerators.Demo.Roslyn3_8\F0.Talks.SourceGenerators.Demo.Roslyn3_8.csproj", "{26A967EC-ECA2-499B-B907-F63325B87EBA}"
EndProject
Project("{9A19103F-16F7-4668-BE54-9A1E7A4F7556}") = "F0.Talks.SourceGenerators.Demo.Roslyn3_9", "F0.Talks.SourceGenerators.Demo.Roslyn3_9\F0.Talks.SourceGenerators.Demo.Roslyn3_9.csproj", "{9C03FABA-767C-48D9-8197-E61A77D0FFD4}"
EndProject
Global
	GlobalSection(SolutionConfigurationPlatforms) = preSolution
		Debug|Any CPU = Debug|Any CPU
		Release|Any CPU = Release|Any CPU
	EndGlobalSection
	GlobalSection(ProjectConfigurationPlatforms) = postSolution
		{0F1152FF-6229-4D40-9AB3-5C42AC581215}.Debug|Any CPU.ActiveCfg = Debug|Any CPU
		{0F1152FF-6229-4D40-9AB3-5C42AC581215}.Debug|Any CPU.Build.0 = Debug|Any CPU
		{0F1152FF-6229-4D40-9AB3-5C42AC581215}.Release|Any CPU.ActiveCfg = Release|Any CPU
		{0F1152FF-6229-4D40-9AB3-5C42AC581215}.Release|Any CPU.Build.0 = Release|Any CPU
		{87C3F442-AD8C-4EF5-AE53-01B4ADDC6EE3}.Debug|Any CPU.ActiveCfg = Debug|Any CPU
		{87C3F442-AD8C-4EF5-AE53-01B4ADDC6EE3}.Debug|Any CPU.Build.0 = Debug|Any CPU
		{87C3F442-AD8C-4EF5-AE53-01B4ADDC6EE3}.Release|Any CPU.ActiveCfg = Release|Any CPU
		{87C3F442-AD8C-4EF5-AE53-01B4ADDC6EE3}.Release|Any CPU.Build.0 = Release|Any CPU
		{26A967EC-ECA2-499B-B907-F63325B87EBA}.Debug|Any CPU.ActiveCfg = Debug|Any CPU
		{26A967EC-ECA2-499B-B907-F63325B87EBA}.Debug|Any CPU.Build.0 = Debug|Any CPU
		{26A967EC-ECA2-499B-B907-F63325B87EBA}.Release|Any CPU.ActiveCfg = Release|Any CPU
		{26A967EC-ECA2-499B-B907-F63325B87EBA}.Release|Any CPU.Build.0 = Release|Any CPU
		{9C03FABA-767C-48D9-8197-E61A77D0FFD4}.Debug|Any CPU.ActiveCfg = Debug|Any CPU
		{9C03FABA-767C-48D9-8197-E61A77D0FFD4}.Debug|Any CPU.Build.0 = Debug|Any CPU
		{9C03FABA-767C-48D9-8197-E61A77D0FFD4}.Release|Any CPU.ActiveCfg = Release|Any CPU
		{9C03FABA-767C-48D9-8197-E61A77D0FFD4}.Release|Any CPU.Build.0 = Release|Any CPU
	EndGlobalSection
	GlobalSection(SolutionProperties) = preSolution
		HideSolutionNode = FALSE
	EndGlobalSection
	GlobalSection(ExtensibilityGlobals) = postSolution
		SolutionGuid = {F8DF037F-D442-4E8D-B580-B3EE89748584}
	EndGlobalSection
EndGlobal
