
Microsoft Visual Studio Solution File, Format Version 12.00
# Visual Studio Version 17
VisualStudioVersion = 17.0.31912.275
MinimumVisualStudioVersion = 10.0.40219.1
Project("{FAE04EC0-301F-11D3-BF4B-00C04F79EFBC}") = "F0.Talks.SourceGenerators", "F0.Talks.SourceGenerators\F0.Talks.SourceGenerators.csproj", "{57F8D7A2-4EBD-4E33-A1EC-17EBA951F761}"
EndProject
Global
	GlobalSection(SolutionConfigurationPlatforms) = preSolution
		Debug|Any CPU = Debug|Any CPU
		Release|Any CPU = Release|Any CPU
	EndGlobalSection
	GlobalSection(ProjectConfigurationPlatforms) = postSolution
		{57F8D7A2-4EBD-4E33-A1EC-17EBA951F761}.Debug|Any CPU.ActiveCfg = Debug|Any CPU
		{57F8D7A2-4EBD-4E33-A1EC-17EBA951F761}.Debug|Any CPU.Build.0 = Debug|Any CPU
		{57F8D7A2-4EBD-4E33-A1EC-17EBA951F761}.Release|Any CPU.ActiveCfg = Release|Any CPU
		{57F8D7A2-4EBD-4E33-A1EC-17EBA951F761}.Release|Any CPU.Build.0 = Release|Any CPU
	EndGlobalSection
	GlobalSection(SolutionProperties) = preSolution
		HideSolutionNode = FALSE
	EndGlobalSection
	GlobalSection(ExtensibilityGlobals) = postSolution
		SolutionGuid = {CF3D0C0F-995B-46C9-A77E-AD6158572970}
	EndGlobalSection
EndGlobal
